// !$*UTF8*$!
{
	archiveVersion = 1;
	classes = {
	};
	objectVersion = 56;
	objects = {

/* Begin PBXBuildFile section */
		295490BF2AF23F50009F52E2 /* UberSwiftUICloneApp.swift in Sources */ = {isa = PBXBuildFile; fileRef = 295490BE2AF23F50009F52E2 /* UberSwiftUICloneApp.swift */; };
		295490C32AF23F51009F52E2 /* Assets.xcassets in Resources */ = {isa = PBXBuildFile; fileRef = 295490C22AF23F51009F52E2 /* Assets.xcassets */; };
		295490C62AF23F51009F52E2 /* Preview Assets.xcassets in Resources */ = {isa = PBXBuildFile; fileRef = 295490C52AF23F51009F52E2 /* Preview Assets.xcassets */; };
		295490D52AF23FEB009F52E2 /* HomeView.swift in Sources */ = {isa = PBXBuildFile; fileRef = 295490D42AF23FEB009F52E2 /* HomeView.swift */; };
		295490D72AF2405A009F52E2 /* UberMapViewRepresentable.swift in Sources */ = {isa = PBXBuildFile; fileRef = 295490D62AF2405A009F52E2 /* UberMapViewRepresentable.swift */; };
		29644FE32AF25380009ED8CC /* LocationSearchActivationView.swift in Sources */ = {isa = PBXBuildFile; fileRef = 29644FE22AF25380009ED8CC /* LocationSearchActivationView.swift */; };
		29644FE52AF25629009ED8CC /* MapViewActionButton.swift in Sources */ = {isa = PBXBuildFile; fileRef = 29644FE42AF25629009ED8CC /* MapViewActionButton.swift */; };
		29644FE72AF25813009ED8CC /* LocationSearchView.swift in Sources */ = {isa = PBXBuildFile; fileRef = 29644FE62AF25813009ED8CC /* LocationSearchView.swift */; };
		29644FE92AF295AF009ED8CC /* LocationSearchResultCell.swift in Sources */ = {isa = PBXBuildFile; fileRef = 29644FE82AF295AF009ED8CC /* LocationSearchResultCell.swift */; };
		2978BE7D2AF39020006CFE30 /* LocationSearchViewModel.swift in Sources */ = {isa = PBXBuildFile; fileRef = 2978BE7C2AF39020006CFE30 /* LocationSearchViewModel.swift */; };
		29D577572AF243CB0081B87E /* LocationManager.swift in Sources */ = {isa = PBXBuildFile; fileRef = 29D577562AF243CB0081B87E /* LocationManager.swift */; };
		29FA1E842AFB6FF400E755C5 /* MapViewState.swift in Sources */ = {isa = PBXBuildFile; fileRef = 29FA1E832AFB6FF400E755C5 /* MapViewState.swift */; };
/* End PBXBuildFile section */

/* Begin PBXFileReference section */
		295490BB2AF23F50009F52E2 /* UberSwiftUIClone.app */ = {isa = PBXFileReference; explicitFileType = wrapper.application; includeInIndex = 0; path = UberSwiftUIClone.app; sourceTree = BUILT_PRODUCTS_DIR; };
		295490BE2AF23F50009F52E2 /* UberSwiftUICloneApp.swift */ = {isa = PBXFileReference; lastKnownFileType = sourcecode.swift; path = UberSwiftUICloneApp.swift; sourceTree = "<group>"; };
		295490C22AF23F51009F52E2 /* Assets.xcassets */ = {isa = PBXFileReference; lastKnownFileType = folder.assetcatalog; path = Assets.xcassets; sourceTree = "<group>"; };
		295490C52AF23F51009F52E2 /* Preview Assets.xcassets */ = {isa = PBXFileReference; lastKnownFileType = folder.assetcatalog; path = "Preview Assets.xcassets"; sourceTree = "<group>"; };
		295490D42AF23FEB009F52E2 /* HomeView.swift */ = {isa = PBXFileReference; lastKnownFileType = sourcecode.swift; path = HomeView.swift; sourceTree = "<group>"; };
		295490D62AF2405A009F52E2 /* UberMapViewRepresentable.swift */ = {isa = PBXFileReference; lastKnownFileType = sourcecode.swift; path = UberMapViewRepresentable.swift; sourceTree = "<group>"; };
		29644FE22AF25380009ED8CC /* LocationSearchActivationView.swift */ = {isa = PBXFileReference; lastKnownFileType = sourcecode.swift; path = LocationSearchActivationView.swift; sourceTree = "<group>"; };
		29644FE42AF25629009ED8CC /* MapViewActionButton.swift */ = {isa = PBXFileReference; lastKnownFileType = sourcecode.swift; path = MapViewActionButton.swift; sourceTree = "<group>"; };
		29644FE62AF25813009ED8CC /* LocationSearchView.swift */ = {isa = PBXFileReference; lastKnownFileType = sourcecode.swift; path = LocationSearchView.swift; sourceTree = "<group>"; };
		29644FE82AF295AF009ED8CC /* LocationSearchResultCell.swift */ = {isa = PBXFileReference; lastKnownFileType = sourcecode.swift; path = LocationSearchResultCell.swift; sourceTree = "<group>"; };
		2978BE7C2AF39020006CFE30 /* LocationSearchViewModel.swift */ = {isa = PBXFileReference; lastKnownFileType = sourcecode.swift; path = LocationSearchViewModel.swift; sourceTree = "<group>"; };
		29D577562AF243CB0081B87E /* LocationManager.swift */ = {isa = PBXFileReference; lastKnownFileType = sourcecode.swift; path = LocationManager.swift; sourceTree = "<group>"; };
		29FA1E832AFB6FF400E755C5 /* MapViewState.swift */ = {isa = PBXFileReference; lastKnownFileType = sourcecode.swift; path = MapViewState.swift; sourceTree = "<group>"; };
/* End PBXFileReference section */

/* Begin PBXFrameworksBuildPhase section */
		295490B82AF23F50009F52E2 /* Frameworks */ = {
			isa = PBXFrameworksBuildPhase;
			buildActionMask = 2147483647;
			files = (
			);
			runOnlyForDeploymentPostprocessing = 0;
		};
/* End PBXFrameworksBuildPhase section */

/* Begin PBXGroup section */
		295490B22AF23F50009F52E2 = {
			isa = PBXGroup;
			children = (
				295490BD2AF23F50009F52E2 /* UberSwiftUIClone */,
				295490BC2AF23F50009F52E2 /* Products */,
			);
			sourceTree = "<group>";
		};
		295490BC2AF23F50009F52E2 /* Products */ = {
			isa = PBXGroup;
			children = (
				295490BB2AF23F50009F52E2 /* UberSwiftUIClone.app */,
			);
			name = Products;
			sourceTree = "<group>";
		};
		295490BD2AF23F50009F52E2 /* UberSwiftUIClone */ = {
			isa = PBXGroup;
			children = (
				295490D12AF23F90009F52E2 /* App */,
				295490D02AF23F8A009F52E2 /* Core */,
				295490CF2AF23F88009F52E2 /* Extensions */,
				295490CE2AF23F86009F52E2 /* Managers */,
				295490CD2AF23F84009F52E2 /* Models */,
				295490C22AF23F51009F52E2 /* Assets.xcassets */,
				295490C42AF23F51009F52E2 /* Preview Content */,
			);
			path = UberSwiftUIClone;
			sourceTree = "<group>";
		};
		295490C42AF23F51009F52E2 /* Preview Content */ = {
			isa = PBXGroup;
			children = (
				295490C52AF23F51009F52E2 /* Preview Assets.xcassets */,
			);
			path = "Preview Content";
			sourceTree = "<group>";
		};
		295490CD2AF23F84009F52E2 /* Models */ = {
			isa = PBXGroup;
			children = (
				29FA1E832AFB6FF400E755C5 /* MapViewState.swift */,
			);
			path = Models;
			sourceTree = "<group>";
		};
		295490CE2AF23F86009F52E2 /* Managers */ = {
			isa = PBXGroup;
			children = (
				29D577562AF243CB0081B87E /* LocationManager.swift */,
			);
			path = Managers;
			sourceTree = "<group>";
		};
		295490CF2AF23F88009F52E2 /* Extensions */ = {
			isa = PBXGroup;
			children = (
			);
			path = Extensions;
			sourceTree = "<group>";
		};
		295490D02AF23F8A009F52E2 /* Core */ = {
			isa = PBXGroup;
			children = (
				29644FDF2AF25337009ED8CC /* LocationSearch */,
				29644FDE2AF25306009ED8CC /* Home */,
			);
			path = Core;
			sourceTree = "<group>";
		};
		295490D12AF23F90009F52E2 /* App */ = {
			isa = PBXGroup;
			children = (
				295490BE2AF23F50009F52E2 /* UberSwiftUICloneApp.swift */,
			);
			path = App;
			sourceTree = "<group>";
		};
		295490D22AF23FC9009F52E2 /* Views */ = {
			isa = PBXGroup;
			children = (
				295490D42AF23FEB009F52E2 /* HomeView.swift */,
				295490D62AF2405A009F52E2 /* UberMapViewRepresentable.swift */,
				29644FE42AF25629009ED8CC /* MapViewActionButton.swift */,
			);
			path = Views;
			sourceTree = "<group>";
		};
		295490D32AF23FCD009F52E2 /* ViewModel */ = {
			isa = PBXGroup;
			children = (
			);
			path = ViewModel;
			sourceTree = "<group>";
		};
		29644FDE2AF25306009ED8CC /* Home */ = {
			isa = PBXGroup;
			children = (
				295490D32AF23FCD009F52E2 /* ViewModel */,
				295490D22AF23FC9009F52E2 /* Views */,
			);
			path = Home;
			sourceTree = "<group>";
		};
		29644FDF2AF25337009ED8CC /* LocationSearch */ = {
			isa = PBXGroup;
			children = (
				29644FE12AF25348009ED8CC /* ViewModel */,
				29644FE02AF25346009ED8CC /* Views */,
			);
			path = LocationSearch;
			sourceTree = "<group>";
		};
		29644FE02AF25346009ED8CC /* Views */ = {
			isa = PBXGroup;
			children = (
				29644FE22AF25380009ED8CC /* LocationSearchActivationView.swift */,
				29644FE62AF25813009ED8CC /* LocationSearchView.swift */,
				29644FE82AF295AF009ED8CC /* LocationSearchResultCell.swift */,
			);
			path = Views;
			sourceTree = "<group>";
		};
		29644FE12AF25348009ED8CC /* ViewModel */ = {
			isa = PBXGroup;
			children = (
				2978BE7C2AF39020006CFE30 /* LocationSearchViewModel.swift */,
			);
			path = ViewModel;
			sourceTree = "<group>";
		};
/* End PBXGroup section */

/* Begin PBXNativeTarget section */
		295490BA2AF23F50009F52E2 /* UberSwiftUIClone */ = {
			isa = PBXNativeTarget;
			buildConfigurationList = 295490C92AF23F51009F52E2 /* Build configuration list for PBXNativeTarget "UberSwiftUIClone" */;
			buildPhases = (
				295490B72AF23F50009F52E2 /* Sources */,
				295490B82AF23F50009F52E2 /* Frameworks */,
				295490B92AF23F50009F52E2 /* Resources */,
			);
			buildRules = (
			);
			dependencies = (
			);
			name = UberSwiftUIClone;
			productName = UberSwiftUIClone;
			productReference = 295490BB2AF23F50009F52E2 /* UberSwiftUIClone.app */;
			productType = "com.apple.product-type.application";
		};
/* End PBXNativeTarget section */

/* Begin PBXProject section */
		295490B32AF23F50009F52E2 /* Project object */ = {
			isa = PBXProject;
			attributes = {
				BuildIndependentTargetsInParallel = 1;
				LastSwiftUpdateCheck = 1500;
				LastUpgradeCheck = 1500;
				TargetAttributes = {
					295490BA2AF23F50009F52E2 = {
						CreatedOnToolsVersion = 15.0.1;
					};
				};
			};
			buildConfigurationList = 295490B62AF23F50009F52E2 /* Build configuration list for PBXProject "UberSwiftUIClone" */;
			compatibilityVersion = "Xcode 14.0";
			developmentRegion = en;
			hasScannedForEncodings = 0;
			knownRegions = (
				en,
				Base,
			);
			mainGroup = 295490B22AF23F50009F52E2;
			productRefGroup = 295490BC2AF23F50009F52E2 /* Products */;
			projectDirPath = "";
			projectRoot = "";
			targets = (
				295490BA2AF23F50009F52E2 /* UberSwiftUIClone */,
			);
		};
/* End PBXProject section */

/* Begin PBXResourcesBuildPhase section */
		295490B92AF23F50009F52E2 /* Resources */ = {
			isa = PBXResourcesBuildPhase;
			buildActionMask = 2147483647;
			files = (
				295490C62AF23F51009F52E2 /* Preview Assets.xcassets in Resources */,
				295490C32AF23F51009F52E2 /* Assets.xcassets in Resources */,
			);
			runOnlyForDeploymentPostprocessing = 0;
		};
/* End PBXResourcesBuildPhase section */

/* Begin PBXSourcesBuildPhase section */
		295490B72AF23F50009F52E2 /* Sources */ = {
			isa = PBXSourcesBuildPhase;
			buildActionMask = 2147483647;
			files = (
				2978BE7D2AF39020006CFE30 /* LocationSearchViewModel.swift in Sources */,
				29644FE72AF25813009ED8CC /* LocationSearchView.swift in Sources */,
				29D577572AF243CB0081B87E /* LocationManager.swift in Sources */,
				29FA1E842AFB6FF400E755C5 /* MapViewState.swift in Sources */,
				29644FE52AF25629009ED8CC /* MapViewActionButton.swift in Sources */,
				295490D52AF23FEB009F52E2 /* HomeView.swift in Sources */,
				295490D72AF2405A009F52E2 /* UberMapViewRepresentable.swift in Sources */,
				295490BF2AF23F50009F52E2 /* UberSwiftUICloneApp.swift in Sources */,
				29644FE32AF25380009ED8CC /* LocationSearchActivationView.swift in Sources */,
				29644FE92AF295AF009ED8CC /* LocationSearchResultCell.swift in Sources */,
			);
			runOnlyForDeploymentPostprocessing = 0;
		};
/* End PBXSourcesBuildPhase section */

/* Begin XCBuildConfiguration section */
		295490C72AF23F51009F52E2 /* Debug */ = {
			isa = XCBuildConfiguration;
			buildSettings = {
				ALWAYS_SEARCH_USER_PATHS = NO;
				ASSETCATALOG_COMPILER_GENERATE_SWIFT_ASSET_SYMBOL_EXTENSIONS = YES;
				CLANG_ANALYZER_NONNULL = YES;
				CLANG_ANALYZER_NUMBER_OBJECT_CONVERSION = YES_AGGRESSIVE;
				CLANG_CXX_LANGUAGE_STANDARD = "gnu++20";
				CLANG_ENABLE_MODULES = YES;
				CLANG_ENABLE_OBJC_ARC = YES;
				CLANG_ENABLE_OBJC_WEAK = YES;
				CLANG_WARN_BLOCK_CAPTURE_AUTORELEASING = YES;
				CLANG_WARN_BOOL_CONVERSION = YES;
				CLANG_WARN_COMMA = YES;
				CLANG_WARN_CONSTANT_CONVERSION = YES;
				CLANG_WARN_DEPRECATED_OBJC_IMPLEMENTATIONS = YES;
				CLANG_WARN_DIRECT_OBJC_ISA_USAGE = YES_ERROR;
				CLANG_WARN_DOCUMENTATION_COMMENTS = YES;
				CLANG_WARN_EMPTY_BODY = YES;
				CLANG_WARN_ENUM_CONVERSION = YES;
				CLANG_WARN_INFINITE_RECURSION = YES;
				CLANG_WARN_INT_CONVERSION = YES;
				CLANG_WARN_NON_LITERAL_NULL_CONVERSION = YES;
				CLANG_WARN_OBJC_IMPLICIT_RETAIN_SELF = YES;
				CLANG_WARN_OBJC_LITERAL_CONVERSION = YES;
				CLANG_WARN_OBJC_ROOT_CLASS = YES_ERROR;
				CLANG_WARN_QUOTED_INCLUDE_IN_FRAMEWORK_HEADER = YES;
				CLANG_WARN_RANGE_LOOP_ANALYSIS = YES;
				CLANG_WARN_STRICT_PROTOTYPES = YES;
				CLANG_WARN_SUSPICIOUS_MOVE = YES;
				CLANG_WARN_UNGUARDED_AVAILABILITY = YES_AGGRESSIVE;
				CLANG_WARN_UNREACHABLE_CODE = YES;
				CLANG_WARN__DUPLICATE_METHOD_MATCH = YES;
				COPY_PHASE_STRIP = NO;
				DEBUG_INFORMATION_FORMAT = dwarf;
				ENABLE_STRICT_OBJC_MSGSEND = YES;
				ENABLE_TESTABILITY = YES;
				ENABLE_USER_SCRIPT_SANDBOXING = YES;
				GCC_C_LANGUAGE_STANDARD = gnu17;
				GCC_DYNAMIC_NO_PIC = NO;
				GCC_NO_COMMON_BLOCKS = YES;
				GCC_OPTIMIZATION_LEVEL = 0;
				GCC_PREPROCESSOR_DEFINITIONS = (
					"DEBUG=1",
					"$(inherited)",
				);
				GCC_WARN_64_TO_32_BIT_CONVERSION = YES;
				GCC_WARN_ABOUT_RETURN_TYPE = YES_ERROR;
				GCC_WARN_UNDECLARED_SELECTOR = YES;
				GCC_WARN_UNINITIALIZED_AUTOS = YES_AGGRESSIVE;
				GCC_WARN_UNUSED_FUNCTION = YES;
				GCC_WARN_UNUSED_VARIABLE = YES;
				IPHONEOS_DEPLOYMENT_TARGET = 17.0;
				LOCALIZATION_PREFERS_STRING_CATALOGS = YES;
				MTL_ENABLE_DEBUG_INFO = INCLUDE_SOURCE;
				MTL_FAST_MATH = YES;
				ONLY_ACTIVE_ARCH = YES;
				SDKROOT = iphoneos;
				SWIFT_ACTIVE_COMPILATION_CONDITIONS = "DEBUG $(inherited)";
				SWIFT_OPTIMIZATION_LEVEL = "-Onone";
			};
			name = Debug;
		};
		295490C82AF23F51009F52E2 /* Release */ = {
			isa = XCBuildConfiguration;
			buildSettings = {
				ALWAYS_SEARCH_USER_PATHS = NO;
				ASSETCATALOG_COMPILER_GENERATE_SWIFT_ASSET_SYMBOL_EXTENSIONS = YES;
				CLANG_ANALYZER_NONNULL = YES;
				CLANG_ANALYZER_NUMBER_OBJECT_CONVERSION = YES_AGGRESSIVE;
				CLANG_CXX_LANGUAGE_STANDARD = "gnu++20";
				CLANG_ENABLE_MODULES = YES;
				CLANG_ENABLE_OBJC_ARC = YES;
				CLANG_ENABLE_OBJC_WEAK = YES;
				CLANG_WARN_BLOCK_CAPTURE_AUTORELEASING = YES;
				CLANG_WARN_BOOL_CONVERSION = YES;
				CLANG_WARN_COMMA = YES;
				CLANG_WARN_CONSTANT_CONVERSION = YES;
				CLANG_WARN_DEPRECATED_OBJC_IMPLEMENTATIONS = YES;
				CLANG_WARN_DIRECT_OBJC_ISA_USAGE = YES_ERROR;
				CLANG_WARN_DOCUMENTATION_COMMENTS = YES;
				CLANG_WARN_EMPTY_BODY = YES;
				CLANG_WARN_ENUM_CONVERSION = YES;
				CLANG_WARN_INFINITE_RECURSION = YES;
				CLANG_WARN_INT_CONVERSION = YES;
				CLANG_WARN_NON_LITERAL_NULL_CONVERSION = YES;
				CLANG_WARN_OBJC_IMPLICIT_RETAIN_SELF = YES;
				CLANG_WARN_OBJC_LITERAL_CONVERSION = YES;
				CLANG_WARN_OBJC_ROOT_CLASS = YES_ERROR;
				CLANG_WARN_QUOTED_INCLUDE_IN_FRAMEWORK_HEADER = YES;
				CLANG_WARN_RANGE_LOOP_ANALYSIS = YES;
				CLANG_WARN_STRICT_PROTOTYPES = YES;
				CLANG_WARN_SUSPICIOUS_MOVE = YES;
				CLANG_WARN_UNGUARDED_AVAILABILITY = YES_AGGRESSIVE;
				CLANG_WARN_UNREACHABLE_CODE = YES;
				CLANG_WARN__DUPLICATE_METHOD_MATCH = YES;
				COPY_PHASE_STRIP = NO;
				DEBUG_INFORMATION_FORMAT = "dwarf-with-dsym";
				ENABLE_NS_ASSERTIONS = NO;
				ENABLE_STRICT_OBJC_MSGSEND = YES;
				ENABLE_USER_SCRIPT_SANDBOXING = YES;
				GCC_C_LANGUAGE_STANDARD = gnu17;
				GCC_NO_COMMON_BLOCKS = YES;
				GCC_WARN_64_TO_32_BIT_CONVERSION = YES;
				GCC_WARN_ABOUT_RETURN_TYPE = YES_ERROR;
				GCC_WARN_UNDECLARED_SELECTOR = YES;
				GCC_WARN_UNINITIALIZED_AUTOS = YES_AGGRESSIVE;
				GCC_WARN_UNUSED_FUNCTION = YES;
				GCC_WARN_UNUSED_VARIABLE = YES;
				IPHONEOS_DEPLOYMENT_TARGET = 17.0;
				LOCALIZATION_PREFERS_STRING_CATALOGS = YES;
				MTL_ENABLE_DEBUG_INFO = NO;
				MTL_FAST_MATH = YES;
				SDKROOT = iphoneos;
				SWIFT_COMPILATION_MODE = wholemodule;
				VALIDATE_PRODUCT = YES;
			};
			name = Release;
		};
		295490CA2AF23F51009F52E2 /* Debug */ = {
			isa = XCBuildConfiguration;
			buildSettings = {
				ASSETCATALOG_COMPILER_APPICON_NAME = AppIcon;
				ASSETCATALOG_COMPILER_GLOBAL_ACCENT_COLOR_NAME = AccentColor;
				CODE_SIGN_STYLE = Automatic;
				CURRENT_PROJECT_VERSION = 1;
				DEVELOPMENT_ASSET_PATHS = "\"UberSwiftUIClone/Preview Content\"";
				DEVELOPMENT_TEAM = 46J936NABV;
				ENABLE_PREVIEWS = YES;
				GENERATE_INFOPLIST_FILE = YES;
				INFOPLIST_KEY_NSLocationWhenInUseUsageDescription = "Please allow us to access your location to find you nearby drivers and rides.";
				INFOPLIST_KEY_UIApplicationSceneManifest_Generation = YES;
				INFOPLIST_KEY_UIApplicationSupportsIndirectInputEvents = YES;
				INFOPLIST_KEY_UILaunchScreen_Generation = YES;
				INFOPLIST_KEY_UISupportedInterfaceOrientations_iPad = "UIInterfaceOrientationPortrait UIInterfaceOrientationPortraitUpsideDown UIInterfaceOrientationLandscapeLeft UIInterfaceOrientationLandscapeRight";
				INFOPLIST_KEY_UISupportedInterfaceOrientations_iPhone = "UIInterfaceOrientationPortrait UIInterfaceOrientationLandscapeLeft UIInterfaceOrientationLandscapeRight";
				LD_RUNPATH_SEARCH_PATHS = (
					"$(inherited)",
					"@executable_path/Frameworks",
				);
				MARKETING_VERSION = 1.0;
				PRODUCT_BUNDLE_IDENTIFIER = "com.Je-re-my-Perez.UberSwiftUIClone";
				PRODUCT_NAME = "$(TARGET_NAME)";
				SWIFT_EMIT_LOC_STRINGS = YES;
				SWIFT_VERSION = 5.0;
				TARGETED_DEVICE_FAMILY = "1,2";
			};
			name = Debug;
		};
		295490CB2AF23F51009F52E2 /* Release */ = {
			isa = XCBuildConfiguration;
			buildSettings = {
				ASSETCATALOG_COMPILER_APPICON_NAME = AppIcon;
				ASSETCATALOG_COMPILER_GLOBAL_ACCENT_COLOR_NAME = AccentColor;
				CODE_SIGN_STYLE = Automatic;
				CURRENT_PROJECT_VERSION = 1;
				DEVELOPMENT_ASSET_PATHS = "\"UberSwiftUIClone/Preview Content\"";
				DEVELOPMENT_TEAM = 46J936NABV;
				ENABLE_PREVIEWS = YES;
				GENERATE_INFOPLIST_FILE = YES;
				INFOPLIST_KEY_NSLocationWhenInUseUsageDescription = "Please allow us to access your location to find you nearby drivers and rides.";
				INFOPLIST_KEY_UIApplicationSceneManifest_Generation = YES;
				INFOPLIST_KEY_UIApplicationSupportsIndirectInputEvents = YES;
				INFOPLIST_KEY_UILaunchScreen_Generation = YES;
				INFOPLIST_KEY_UISupportedInterfaceOrientations_iPad = "UIInterfaceOrientationPortrait UIInterfaceOrientationPortraitUpsideDown UIInterfaceOrientationLandscapeLeft UIInterfaceOrientationLandscapeRight";
				INFOPLIST_KEY_UISupportedInterfaceOrientations_iPhone = "UIInterfaceOrientationPortrait UIInterfaceOrientationLandscapeLeft UIInterfaceOrientationLandscapeRight";
				LD_RUNPATH_SEARCH_PATHS = (
					"$(inherited)",
					"@executable_path/Frameworks",
				);
				MARKETING_VERSION = 1.0;
				PRODUCT_BUNDLE_IDENTIFIER = "com.Je-re-my-Perez.UberSwiftUIClone";
				PRODUCT_NAME = "$(TARGET_NAME)";
				SWIFT_EMIT_LOC_STRINGS = YES;
				SWIFT_VERSION = 5.0;
				TARGETED_DEVICE_FAMILY = "1,2";
			};
			name = Release;
		};
/* End XCBuildConfiguration section */

/* Begin XCConfigurationList section */
		295490B62AF23F50009F52E2 /* Build configuration list for PBXProject "UberSwiftUIClone" */ = {
			isa = XCConfigurationList;
			buildConfigurations = (
				295490C72AF23F51009F52E2 /* Debug */,
				295490C82AF23F51009F52E2 /* Release */,
			);
			defaultConfigurationIsVisible = 0;
			defaultConfigurationName = Release;
		};
		295490C92AF23F51009F52E2 /* Build configuration list for PBXNativeTarget "UberSwiftUIClone" */ = {
			isa = XCConfigurationList;
			buildConfigurations = (
				295490CA2AF23F51009F52E2 /* Debug */,
				295490CB2AF23F51009F52E2 /* Release */,
			);
			defaultConfigurationIsVisible = 0;
			defaultConfigurationName = Release;
		};
/* End XCConfigurationList section */
	};
	rootObject = 295490B32AF23F50009F52E2 /* Project object */;
}
